
Microsoft Visual Studio Solution File, Format Version 12.00
# Visual Studio Version 17
VisualStudioVersion = 17.6.33723.286
MinimumVisualStudioVersion = 10.0.40219.1
Project("{FAE04EC0-301F-11D3-BF4B-00C04F79EFBC}") = "Sem2EstructurasCProblema10Consola", "Sem2EstructurasCProblema10Consola\Sem2EstructurasCProblema10Consola.csproj", "{84F66189-DFFD-4FF7-B513-9621DD860E37}"
EndProject
Global
	GlobalSection(SolutionConfigurationPlatforms) = preSolution
		Debug|Any CPU = Debug|Any CPU
		Release|Any CPU = Release|Any CPU
	EndGlobalSection
	GlobalSection(ProjectConfigurationPlatforms) = postSolution
		{84F66189-DFFD-4FF7-B513-9621DD860E37}.Debug|Any CPU.ActiveCfg = Debug|Any CPU
		{84F66189-DFFD-4FF7-B513-9621DD860E37}.Debug|Any CPU.Build.0 = Debug|Any CPU
		{84F66189-DFFD-4FF7-B513-9621DD860E37}.Release|Any CPU.ActiveCfg = Release|Any CPU
		{84F66189-DFFD-4FF7-B513-9621DD860E37}.Release|Any CPU.Build.0 = Release|Any CPU
	EndGlobalSection
	GlobalSection(SolutionProperties) = preSolution
		HideSolutionNode = FALSE
	EndGlobalSection
	GlobalSection(ExtensibilityGlobals) = postSolution
		SolutionGuid = {246D6C13-5E2F-4381-A2C7-013D6997B965}
	EndGlobalSection
EndGlobal
